
Microsoft Visual Studio Solution File, Format Version 12.00
# Visual Studio Version 17
VisualStudioVersion = 17.13.35825.156 d17.13
MinimumVisualStudioVersion = 10.0.40219.1
Project("{FAE04EC0-301F-11D3-BF4B-00C04F79EFBC}") = "DAL", "DAL\DAL.csproj", "{645E336C-2EE9-4EC8-8024-C6E5B98DDB60}"
EndProject
Project("{FAE04EC0-301F-11D3-BF4B-00C04F79EFBC}") = "API", "API\API.csproj", "{AA30721C-6DE9-4F84-AD92-41F0D3C207B1}"
EndProject
Global
	GlobalSection(SolutionConfigurationPlatforms) = preSolution
		Debug|Any CPU = Debug|Any CPU
		Release|Any CPU = Release|Any CPU
	EndGlobalSection
	GlobalSection(ProjectConfigurationPlatforms) = postSolution
		{645E336C-2EE9-4EC8-8024-C6E5B98DDB60}.Debug|Any CPU.ActiveCfg = Debug|Any CPU
		{645E336C-2EE9-4EC8-8024-C6E5B98DDB60}.Debug|Any CPU.Build.0 = Debug|Any CPU
		{645E336C-2EE9-4EC8-8024-C6E5B98DDB60}.Release|Any CPU.ActiveCfg = Release|Any CPU
		{645E336C-2EE9-4EC8-8024-C6E5B98DDB60}.Release|Any CPU.Build.0 = Release|Any CPU
		{AA30721C-6DE9-4F84-AD92-41F0D3C207B1}.Debug|Any CPU.ActiveCfg = Debug|Any CPU
		{AA30721C-6DE9-4F84-AD92-41F0D3C207B1}.Debug|Any CPU.Build.0 = Debug|Any CPU
		{AA30721C-6DE9-4F84-AD92-41F0D3C207B1}.Release|Any CPU.ActiveCfg = Release|Any CPU
		{AA30721C-6DE9-4F84-AD92-41F0D3C207B1}.Release|Any CPU.Build.0 = Release|Any CPU
	EndGlobalSection
	GlobalSection(SolutionProperties) = preSolution
		HideSolutionNode = FALSE
	EndGlobalSection
	GlobalSection(ExtensibilityGlobals) = postSolution
		SolutionGuid = {6759F9E1-CD20-4E99-ABCD-3F456425878D}
	EndGlobalSection
EndGlobal
